// !$*UTF8*$!
{
	archiveVersion = 1;
	classes = {
	};
	objectVersion = 77;
	objects = {

/* Begin PBXBuildFile section */
		019BAC3DAC9351096E5940E0 /* PopoverHeader.swift in Sources */ = {isa = PBXBuildFile; fileRef = 254850F7285C29012648ADFC /* PopoverHeader.swift */; };
		06D0541677025C108C4BB358 /* BrandMonogram.swift in Sources */ = {isa = PBXBuildFile; fileRef = D15901BA8DD03B78824CA062 /* BrandMonogram.swift */; };
		0F69CDA85773E2C0B5785122 /* Sparkline.swift in Sources */ = {isa = PBXBuildFile; fileRef = 9D77CD51A5A2D0185FF82AA3 /* Sparkline.swift */; };
		0FF8FC9FF0682372A6D38FE7 /* JSONViewerView.swift in Sources */ = {isa = PBXBuildFile; fileRef = F0B5E51A5DCC3216A83A4A16 /* JSONViewerView.swift */; };
		108F33083EDD0CBF6E284D49 /* IOSSimulatorView.swift in Sources */ = {isa = PBXBuildFile; fileRef = F1A987E4E4A8A945D9EBAAC9 /* IOSSimulatorView.swift */; };
		10DE27752E76BB6F0EB64B85 /* JSONTreeView.swift in Sources */ = {isa = PBXBuildFile; fileRef = 8880DB120F69B4C78E1747D9 /* JSONTreeView.swift */; };
		1183470A2C04D6DE5363EF13 /* SimulatorLogsWindowController.swift in Sources */ = {isa = PBXBuildFile; fileRef = 53AF8892AB74E606F68E1A06 /* SimulatorLogsWindowController.swift */; };
		12750D03763599AEC86E822D /* ClipboardService.swift in Sources */ = {isa = PBXBuildFile; fileRef = 12B9F991D8D4259658E79A10 /* ClipboardService.swift */; };
		148E975CE365782028027489 /* SigningView.swift in Sources */ = {isa = PBXBuildFile; fileRef = C2BA65E9BF415D19EACE4F4A /* SigningView.swift */; };
		16313D3E75AF18A1D9EB50A8 /* PhysicalDeviceService.swift in Sources */ = {isa = PBXBuildFile; fileRef = 47DC8A8228556D4B805F75CA /* PhysicalDeviceService.swift */; };
		166BA8A9424E8F11271EC0FF /* TabBar.swift in Sources */ = {isa = PBXBuildFile; fileRef = A51852CAF868B4116D2413F7 /* TabBar.swift */; };
		1905F02B425F4F4FA18BF45B /* PhysicalDevicesView.swift in Sources */ = {isa = PBXBuildFile; fileRef = 3B07A2AAC3E03A40A96177A3 /* PhysicalDevicesView.swift */; };
		1A4F6BCE10CD9DB4B27DA0FF /* AppEnvironment.swift in Sources */ = {isa = PBXBuildFile; fileRef = F078B7AB5ABDAD3544C4A48E /* AppEnvironment.swift */; };
		1D3A0EA38B09361BD07B1A69 /* SimulatorRecorderView.swift in Sources */ = {isa = PBXBuildFile; fileRef = 1254AA1D177D6A0542D88CE7 /* SimulatorRecorderView.swift */; };
		1FCFF6BE3FC289DA70AAD27F /* DeepLinkLauncherView.swift in Sources */ = {isa = PBXBuildFile; fileRef = 82B16EFEC5688F6996C653CF /* DeepLinkLauncherView.swift */; };
		2051A689CC66263704986FE3 /* QuickTogglesSection.swift in Sources */ = {isa = PBXBuildFile; fileRef = 09F8526EA79021FF0ABCEE33 /* QuickTogglesSection.swift */; };
		2108F63ECE8A997B0E96EA72 /* ColorPickerView.swift in Sources */ = {isa = PBXBuildFile; fileRef = 015131C55024181FF7B5E04E /* ColorPickerView.swift */; };
		223E84B4CFFA3599F5E257B7 /* ClipboardSupport.swift in Sources */ = {isa = PBXBuildFile; fileRef = 4296143B8C10EBD45CA36ECB /* ClipboardSupport.swift */; };
		2775425A89932C611921D113 /* SigningWindowController.swift in Sources */ = {isa = PBXBuildFile; fileRef = BA415056B5AC9A210D6A30D9 /* SigningWindowController.swift */; };
		2C2C9DD923376C2E82A81D8E /* SimulatorService.swift in Sources */ = {isa = PBXBuildFile; fileRef = C4D6147DAE61DB5B86EC6859 /* SimulatorService.swift */; };
		2CDF7379A6652E009D617845 /* ProcessRunner.swift in Sources */ = {isa = PBXBuildFile; fileRef = AF846B13198B5C70D24999F8 /* ProcessRunner.swift */; };
		2ED44E0DAABC86A313AA4E70 /* ProcessesSection.swift in Sources */ = {isa = PBXBuildFile; fileRef = 6ADC75FA62ECA86ABD2B25EB /* ProcessesSection.swift */; };
		2EE4B97E97A43C30A70A8C2C /* Localizable.xcstrings in Resources */ = {isa = PBXBuildFile; fileRef = B230E4DAE784C0F33D112989 /* Localizable.xcstrings */; };
		30BA86A624E84AC454F26FE1 /* DevKitSharedViews.swift in Sources */ = {isa = PBXBuildFile; fileRef = 219D0AAD8EE140EE59395D13 /* DevKitSharedViews.swift */; };
		35BBCA7982212FB0804FE17D /* SystemHubView.swift in Sources */ = {isa = PBXBuildFile; fileRef = B7501870CFF593374E640244 /* SystemHubView.swift */; };
		388870D4782BE74A1FE7FE37 /* HardwareStatsSection.swift in Sources */ = {isa = PBXBuildFile; fileRef = 165B07AE5F288F8AC8D5356E /* HardwareStatsSection.swift */; };
		4454C6947532B61288E3B784 /* QuickTogglesService.swift in Sources */ = {isa = PBXBuildFile; fileRef = DDD1BEB3940283DFE880C2D4 /* QuickTogglesService.swift */; };
		45E53F8061B75F80A5DB3BA9 /* ClipboardHistoryView.swift in Sources */ = {isa = PBXBuildFile; fileRef = 4C1A7CD4C0C6DAF3C4F4BD48 /* ClipboardHistoryView.swift */; };
		460EDF000655B19C02F885C6 /* HardwareSensors.swift in Sources */ = {isa = PBXBuildFile; fileRef = F2CD3F6EBCD0EC8C367A02EE /* HardwareSensors.swift */; };
		48BCC6BD728BFD994C09274B /* PopoverFooter.swift in Sources */ = {isa = PBXBuildFile; fileRef = B1F62EB765B0CC6BF427B5C0 /* PopoverFooter.swift */; };
		49C0F124EAA759E8C1371EAD /* JSONViewerWindowController.swift in Sources */ = {isa = PBXBuildFile; fileRef = 780D825662FF3F800D24A741 /* JSONViewerWindowController.swift */; };
		4ADD0BAB077894486B3D5580 /* AppVersion.swift in Sources */ = {isa = PBXBuildFile; fileRef = 55F965060010C73501753CA7 /* AppVersion.swift */; };
		4DC013F296E88BAE3794096F /* Theme.swift in Sources */ = {isa = PBXBuildFile; fileRef = D0C477888E6DBBCC9C6BA813 /* Theme.swift */; };
		4E0786999E559318F851AE1A /* SimulatorLogService.swift in Sources */ = {isa = PBXBuildFile; fileRef = B7844C16EDF4F4A65179C934 /* SimulatorLogService.swift */; };
		518535EDE4255BAEA7A27982 /* SettingsView.swift in Sources */ = {isa = PBXBuildFile; fileRef = 2800A3A951F453C727CC4504 /* SettingsView.swift */; };
		58D9471D2726CAB3300AF7F2 /* DevUtilitiesView.swift in Sources */ = {isa = PBXBuildFile; fileRef = 7A865E2D4D7F82528BCBBE9E /* DevUtilitiesView.swift */; };
		5B73B76DC69C15F014A87D2E /* JSONToSwiftView.swift in Sources */ = {isa = PBXBuildFile; fileRef = 8150A41AC341EFC03DB56A1F /* JSONToSwiftView.swift */; };
		5D13F188833F4D8CCC2052D8 /* DiskStats.swift in Sources */ = {isa = PBXBuildFile; fileRef = 61E782C50CB7028A32530443 /* DiskStats.swift */; };
		62A64089DDAA83DF716CF5C7 /* AdminShell.swift in Sources */ = {isa = PBXBuildFile; fileRef = 24E28FAC0E174B8DEA9D8C94 /* AdminShell.swift */; };
		6A2ABFA705409E46F2159B9C /* SystemMonitor.swift in Sources */ = {isa = PBXBuildFile; fileRef = 7769A52868501668BAC5D84F /* SystemMonitor.swift */; };
		6B078443A375CEBDBC0FCC3D /* SigningService.swift in Sources */ = {isa = PBXBuildFile; fileRef = 41E563EDF3588ACAF5485C97 /* SigningService.swift */; };
		6EA601DCADC42EFD1CD2A2D7 /* DevKitView.swift in Sources */ = {isa = PBXBuildFile; fileRef = BEE1BF11DFE6519B58A4EC28 /* DevKitView.swift */; };
		7249B835003DFF90A7977859 /* XcodeVersionsService.swift in Sources */ = {isa = PBXBuildFile; fileRef = E863AA869FA6580AF8364035 /* XcodeVersionsService.swift */; };
		7D5C61D8D0CF35C687B65E04 /* SettingsModel.swift in Sources */ = {isa = PBXBuildFile; fileRef = 499044833C7666333856A909 /* SettingsModel.swift */; };
		7F4A26BA8F9DE2551F63C8FC /* ProductivityView.swift in Sources */ = {isa = PBXBuildFile; fileRef = F04F2DC3D5B27957A2B9A824 /* ProductivityView.swift */; };
		8051F7156101A979FB2B4463 /* DevUtilities.swift in Sources */ = {isa = PBXBuildFile; fileRef = 28EAD04E40F86A44D86B0513 /* DevUtilities.swift */; };
		83687C01EB5961BBE5E7D256 /* UsageTiles.swift in Sources */ = {isa = PBXBuildFile; fileRef = 18487F799ADA488765468B9E /* UsageTiles.swift */; };
		84C9031F34A03DF32413C8FC /* LidSleepService.swift in Sources */ = {isa = PBXBuildFile; fileRef = 85B711D164EA851A6940C3ED /* LidSleepService.swift */; };
		8614889E522492429F826C3B /* ProcessMonitor.swift in Sources */ = {isa = PBXBuildFile; fileRef = E3203515F677700FE896EAA6 /* ProcessMonitor.swift */; };
		86F2A03AB4004398ABE4342A /* XcodeToolsView.swift in Sources */ = {isa = PBXBuildFile; fileRef = 814EDB6304DEA6DDC87A9D8D /* XcodeToolsView.swift */; };
		8A353EE8D1BBA12B6055C4CD /* AppDelegate.swift in Sources */ = {isa = PBXBuildFile; fileRef = DAA1A1DDE95F859106C2E92D /* AppDelegate.swift */; };
		8E4EC1E7AF3327E392C97A20 /* DevToolsState.swift in Sources */ = {isa = PBXBuildFile; fileRef = 34040B764EDB985A70996DA1 /* DevToolsState.swift */; };
		8EDB525FF9B4B20E7B79BF5D /* JSONToSwiftWindowController.swift in Sources */ = {isa = PBXBuildFile; fileRef = 42387779756BD5799284FF53 /* JSONToSwiftWindowController.swift */; };
		8FD6EAE911AA46128D720D86 /* NetworkThrottleService.swift in Sources */ = {isa = PBXBuildFile; fileRef = 57241A1B550F650E8996C613 /* NetworkThrottleService.swift */; };
		96E1BD560355C97233DA0122 /* SimulatorToolboxView.swift in Sources */ = {isa = PBXBuildFile; fileRef = 7D68E4727232ECFA435BCC09 /* SimulatorToolboxView.swift */; };
		97C773852B576FBA0C21E64A /* SimulatorToolboxPanels.swift in Sources */ = {isa = PBXBuildFile; fileRef = 5B8B879B7F768370162082F1 /* SimulatorToolboxPanels.swift */; };
		9CE487EB5778A0A1405C4940 /* PopoverRootView.swift in Sources */ = {isa = PBXBuildFile; fileRef = 2E361996ADA035ABCD3B3552 /* PopoverRootView.swift */; };
		A3E42EEF54C464D4A78A5BB7 /* LaunchSection.swift in Sources */ = {isa = PBXBuildFile; fileRef = 928E6D6C6B8ED2A4551C53A1 /* LaunchSection.swift */; };
		A4D84433D184F057E1A71F77 /* ExpandableSection.swift in Sources */ = {isa = PBXBuildFile; fileRef = EC7518E200DC97ED0D644E12 /* ExpandableSection.swift */; };
		A63E02A2DF4E5875D22CF0CC /* DevUtilitiesWindowController.swift in Sources */ = {isa = PBXBuildFile; fileRef = D78E77DC8B36461BF49890A7 /* DevUtilitiesWindowController.swift */; };
		AA69D833510EF08AC49D013E /* SwordfishApp.swift in Sources */ = {isa = PBXBuildFile; fileRef = B07ECE8957C00D6F9A8779BC /* SwordfishApp.swift */; };
		AD071E7002F94B9C67B33E88 /* QuickPasteView.swift in Sources */ = {isa = PBXBuildFile; fileRef = 0910009126F691D9EECA9246 /* QuickPasteView.swift */; };
		B313F7632CC1886C1506DE0D /* MonitoringSettingsView.swift in Sources */ = {isa = PBXBuildFile; fileRef = 0077A6BB01C75BCA7B3C9089 /* MonitoringSettingsView.swift */; };
		B6739186AFE13EE9A4DBB8ED /* SimulatorLogsView.swift in Sources */ = {isa = PBXBuildFile; fileRef = 1BC30373AED0ECCAF0A0EC4D /* SimulatorLogsView.swift */; };
		B987B031C35E8345EB19B4AA /* JSONToSwift.swift in Sources */ = {isa = PBXBuildFile; fileRef = 7F851E98EE50A8D3D09C8F90 /* JSONToSwift.swift */; };
		BBBAC1EAFBAEE5B7F1F7798A /* MemoryTile.swift in Sources */ = {isa = PBXBuildFile; fileRef = 752ABCDEC346A9DB6A6C29E7 /* MemoryTile.swift */; };
		C18228F30A036694440E03F0 /* ClipboardSettingsView.swift in Sources */ = {isa = PBXBuildFile; fileRef = 0285628F4195B7D9C6139F2F /* ClipboardSettingsView.swift */; };
		C4DB315261BABBAC0726EA9D /* QuickActionsView.swift in Sources */ = {isa = PBXBuildFile; fileRef = BE63947A8BAB58E915DEA37F /* QuickActionsView.swift */; };
		CA1429A097CA0BC3E17605BB /* DisplayController.swift in Sources */ = {isa = PBXBuildFile; fileRef = C4BA8DB183F5B7A417FF14A7 /* DisplayController.swift */; };
		CB5829A0576BB790ADCC8705 /* AntiSleepRow.swift in Sources */ = {isa = PBXBuildFile; fileRef = 7CC2DEA303D05C5504257CAB /* AntiSleepRow.swift */; };
		D07D96379CFD896A0A15072E /* SectionTitle.swift in Sources */ = {isa = PBXBuildFile; fileRef = F82CC531C95F7820A6567D2C /* SectionTitle.swift */; };
		D2F3159D0EB64B4E18DE2DB9 /* NetworkConditionerView.swift in Sources */ = {isa = PBXBuildFile; fileRef = 621799A59CDE083D101E49AD /* NetworkConditionerView.swift */; };
		D31EAF2F4DB1609DC8B3DEB9 /* PushNotificationView.swift in Sources */ = {isa = PBXBuildFile; fileRef = 474538BBB8324E8C1729E13F /* PushNotificationView.swift */; };
		D6561DAB9C98C88DD9592FA5 /* DiskTile.swift in Sources */ = {isa = PBXBuildFile; fileRef = FE198DC6238EC7775E6AB77F /* DiskTile.swift */; };
		DC692723FF9DF68DD0AA05C7 /* DisplaysSection.swift in Sources */ = {isa = PBXBuildFile; fileRef = 6D24A1DAEA70FE3AB63C9BAE /* DisplaysSection.swift */; };
		DC812AC8A0402B393E772006 /* Badge.swift in Sources */ = {isa = PBXBuildFile; fileRef = 8A834E8E9FB60D9FA68F32AA /* Badge.swift */; };
		DFC6F87A20D12AB14AE9BA9D /* SimulatorToolbox.swift in Sources */ = {isa = PBXBuildFile; fileRef = 94AD1D38137AD8724CD35051 /* SimulatorToolbox.swift */; };
		E273940E8D0EEC2D2B8FF831 /* SettingsWindowController.swift in Sources */ = {isa = PBXBuildFile; fileRef = 7E06E01698D6F3042E402450 /* SettingsWindowController.swift */; };
		E3596573E99077A3AB80548E /* Motion.swift in Sources */ = {isa = PBXBuildFile; fileRef = 177D9AA47292D0607E60C0E5 /* Motion.swift */; };
		E65436EA08164963ED357C4F /* DevCleanupService.swift in Sources */ = {isa = PBXBuildFile; fileRef = A274EF4DD2C13E736EED6247 /* DevCleanupService.swift */; };
		E742389BED16726866842AA2 /* DiskCleanupView.swift in Sources */ = {isa = PBXBuildFile; fileRef = 913F08DBFB1A671B0A465372 /* DiskCleanupView.swift */; };
		E8BF149304034133D0A7B81F /* DisplayBrightness.swift in Sources */ = {isa = PBXBuildFile; fileRef = 324F0E8E7C3E40B3C4969438 /* DisplayBrightness.swift */; };
		E9C553FBE085DC8B24C67940 /* QuickPasteController.swift in Sources */ = {isa = PBXBuildFile; fileRef = 89A9255CCEE08A5A07292CCC /* QuickPasteController.swift */; };
		EA9DB858EC5B0836186DA248 /* PopoverTab.swift in Sources */ = {isa = PBXBuildFile; fileRef = 04EF6D115A43B5A2AF21D953 /* PopoverTab.swift */; };
		EBA0B732982D223BCDB32C97 /* SystemSamplers.swift in Sources */ = {isa = PBXBuildFile; fileRef = EFFB4CE0733CF038BF03F663 /* SystemSamplers.swift */; };
		EC77EF103CA3E45FF20BBD4B /* LoginItemManager.swift in Sources */ = {isa = PBXBuildFile; fileRef = 29687E1A7B5658A443D9F222 /* LoginItemManager.swift */; };
		ED3EC9119571C139BA3C41CE /* MemoryStats.swift in Sources */ = {isa = PBXBuildFile; fileRef = 7E2BE118BEFCB47AE173FF67 /* MemoryStats.swift */; };
		EE91412CDB63C4D624C9EFAF /* Tile.swift in Sources */ = {isa = PBXBuildFile; fileRef = B79319BF4D1A4C8B65BB8072 /* Tile.swift */; };
		EFE172E3C262F719C753C045 /* Typography.swift in Sources */ = {isa = PBXBuildFile; fileRef = BCD7ADA3889AB7098404B6C0 /* Typography.swift */; };
		F49F038654F609379DA9271E /* AlertService.swift in Sources */ = {isa = PBXBuildFile; fileRef = F35A6FCDD865EA7500696422 /* AlertService.swift */; };
		F4F06BA13758260BDC41C79F /* CaffeineService.swift in Sources */ = {isa = PBXBuildFile; fileRef = D6E9AD4FD70CDF1F01567C5D /* CaffeineService.swift */; };
		FBF1740B64E9599804C1D71F /* Assets.xcassets in Resources */ = {isa = PBXBuildFile; fileRef = 27E05C051461307CF7C4E2A6 /* Assets.xcassets */; };
		FE618FC4B1C337CDC5617177 /* Spacing.swift in Sources */ = {isa = PBXBuildFile; fileRef = 4387D49C9A3D037AF66D26C7 /* Spacing.swift */; };
		1108FD7C01D6BBC137326530 /* SimulatorDefaults.swift in Sources */ = {isa = PBXBuildFile; fileRef = 434469C4D7AFEFEAB0328AA7 /* SimulatorDefaults.swift */; };
		2090390131CAB6731C3AC6D9 /* UserDefaultsEditorView.swift in Sources */ = {isa = PBXBuildFile; fileRef = D939F5D5606C5F39D321B477 /* UserDefaultsEditorView.swift */; };
		76C1A1B28DABB50454409739 /* UniversalLinkValidator.swift in Sources */ = {isa = PBXBuildFile; fileRef = A7BF4AF0FE618C6FF4469AA7 /* UniversalLinkValidator.swift */; };
		EA8460F09E74FFE46F7551BF /* BuildMonitor.swift in Sources */ = {isa = PBXBuildFile; fileRef = 4E4DCDC5525E387DEFA9B4CC /* BuildMonitor.swift */; };
		C5CECA5B29DB943DB5DC3104 /* AppleAPIKeys.swift in Sources */ = {isa = PBXBuildFile; fileRef = C638A3565291230A0C16D3D3 /* AppleAPIKeys.swift */; };
		B85BF2C870052CC0D02FA11E /* CrashSymbolicator.swift in Sources */ = {isa = PBXBuildFile; fileRef = 5E67F845B41BFD74A3253AF7 /* CrashSymbolicator.swift */; };
		0E1EA45EA7B1BF8CF38B4837 /* DevUtilitiesExtras.swift in Sources */ = {isa = PBXBuildFile; fileRef = 1CA2E1A27937470D2006780B /* DevUtilitiesExtras.swift */; };
		9856198B1BCAA040C02756B0 /* NetworkLab.swift in Sources */ = {isa = PBXBuildFile; fileRef = DC1BF49D69D2E1BAB4FA7DBF /* NetworkLab.swift */; };
		EDC3D812CE7512B4BB80A548 /* AppStoreConnect.swift in Sources */ = {isa = PBXBuildFile; fileRef = F3F3C759791BED4F93961890 /* AppStoreConnect.swift */; };
		1E9CA04A492C76CB33AFF0B3 /* UniversalLinkView.swift in Sources */ = {isa = PBXBuildFile; fileRef = 92A7AD0398505AEC9E886963 /* UniversalLinkView.swift */; };
		7FB3ADE31BA2E7B0E214DE60 /* BuildTimesView.swift in Sources */ = {isa = PBXBuildFile; fileRef = DC3B9A7BAD736252D6FA991E /* BuildTimesView.swift */; };
		4B37BB97D5DA18D3BB41707F /* DesignOverlay.swift in Sources */ = {isa = PBXBuildFile; fileRef = B4B1234C844C23F468C70AB1 /* DesignOverlay.swift */; };
		73B5641B7FD5427D8759C633 /* CrashSymbolicatorView.swift in Sources */ = {isa = PBXBuildFile; fileRef = 3DB4AC199825FFE3C9B788C7 /* CrashSymbolicatorView.swift */; };
		9D3F0656DEDEEBA8C8145085 /* XcodeReleasesView.swift in Sources */ = {isa = PBXBuildFile; fileRef = 1D271A66333958D67996097F /* XcodeReleasesView.swift */; };
		F1C67E8520E86D6A397A34DF /* NetworkLabView.swift in Sources */ = {isa = PBXBuildFile; fileRef = EDFB911F5DA2FB812DF2A257 /* NetworkLabView.swift */; };
		DB07693C06FAB802E6A6E43D /* DistributionViews.swift in Sources */ = {isa = PBXBuildFile; fileRef = F65661FA4C2BBAFF0E574A4C /* DistributionViews.swift */; };
		7975E1D860FB7A189ED2C276 /* DevUtilitiesExtraTools.swift in Sources */ = {isa = PBXBuildFile; fileRef = B70C60E0D07520B500AF7662 /* DevUtilitiesExtraTools.swift */; };
		BE483AC36EE25FDF16B739F4 /* DeveloperKeysSettingsView.swift in Sources */ = {isa = PBXBuildFile; fileRef = A6FE046A09E62B80AF999370 /* DeveloperKeysSettingsView.swift */; };
/* End PBXBuildFile section */

/* Begin PBXFileReference section */
		0077A6BB01C75BCA7B3C9089 /* MonitoringSettingsView.swift */ = {isa = PBXFileReference; lastKnownFileType = sourcecode.swift; path = MonitoringSettingsView.swift; sourceTree = "<group>"; };
		015131C55024181FF7B5E04E /* ColorPickerView.swift */ = {isa = PBXFileReference; lastKnownFileType = sourcecode.swift; path = ColorPickerView.swift; sourceTree = "<group>"; };
		0285628F4195B7D9C6139F2F /* ClipboardSettingsView.swift */ = {isa = PBXFileReference; lastKnownFileType = sourcecode.swift; path = ClipboardSettingsView.swift; sourceTree = "<group>"; };
		04EF6D115A43B5A2AF21D953 /* PopoverTab.swift */ = {isa = PBXFileReference; lastKnownFileType = sourcecode.swift; path = PopoverTab.swift; sourceTree = "<group>"; };
		0910009126F691D9EECA9246 /* QuickPasteView.swift */ = {isa = PBXFileReference; lastKnownFileType = sourcecode.swift; path = QuickPasteView.swift; sourceTree = "<group>"; };
		09F8526EA79021FF0ABCEE33 /* QuickTogglesSection.swift */ = {isa = PBXFileReference; lastKnownFileType = sourcecode.swift; path = QuickTogglesSection.swift; sourceTree = "<group>"; };
		1254AA1D177D6A0542D88CE7 /* SimulatorRecorderView.swift */ = {isa = PBXFileReference; lastKnownFileType = sourcecode.swift; path = SimulatorRecorderView.swift; sourceTree = "<group>"; };
		12B9F991D8D4259658E79A10 /* ClipboardService.swift */ = {isa = PBXFileReference; lastKnownFileType = sourcecode.swift; path = ClipboardService.swift; sourceTree = "<group>"; };
		165B07AE5F288F8AC8D5356E /* HardwareStatsSection.swift */ = {isa = PBXFileReference; lastKnownFileType = sourcecode.swift; path = HardwareStatsSection.swift; sourceTree = "<group>"; };
		177D9AA47292D0607E60C0E5 /* Motion.swift */ = {isa = PBXFileReference; lastKnownFileType = sourcecode.swift; path = Motion.swift; sourceTree = "<group>"; };
		18487F799ADA488765468B9E /* UsageTiles.swift */ = {isa = PBXFileReference; lastKnownFileType = sourcecode.swift; path = UsageTiles.swift; sourceTree = "<group>"; };
		1BC30373AED0ECCAF0A0EC4D /* SimulatorLogsView.swift */ = {isa = PBXFileReference; lastKnownFileType = sourcecode.swift; path = SimulatorLogsView.swift; sourceTree = "<group>"; };
		219D0AAD8EE140EE59395D13 /* DevKitSharedViews.swift */ = {isa = PBXFileReference; lastKnownFileType = sourcecode.swift; path = DevKitSharedViews.swift; sourceTree = "<group>"; };
		24E28FAC0E174B8DEA9D8C94 /* AdminShell.swift */ = {isa = PBXFileReference; lastKnownFileType = sourcecode.swift; path = AdminShell.swift; sourceTree = "<group>"; };
		254850F7285C29012648ADFC /* PopoverHeader.swift */ = {isa = PBXFileReference; lastKnownFileType = sourcecode.swift; path = PopoverHeader.swift; sourceTree = "<group>"; };
		27E05C051461307CF7C4E2A6 /* Assets.xcassets */ = {isa = PBXFileReference; lastKnownFileType = folder.assetcatalog; path = Assets.xcassets; sourceTree = "<group>"; };
		2800A3A951F453C727CC4504 /* SettingsView.swift */ = {isa = PBXFileReference; lastKnownFileType = sourcecode.swift; path = SettingsView.swift; sourceTree = "<group>"; };
		28EAD04E40F86A44D86B0513 /* DevUtilities.swift */ = {isa = PBXFileReference; lastKnownFileType = sourcecode.swift; path = DevUtilities.swift; sourceTree = "<group>"; };
		29687E1A7B5658A443D9F222 /* LoginItemManager.swift */ = {isa = PBXFileReference; lastKnownFileType = sourcecode.swift; path = LoginItemManager.swift; sourceTree = "<group>"; };
		2E361996ADA035ABCD3B3552 /* PopoverRootView.swift */ = {isa = PBXFileReference; lastKnownFileType = sourcecode.swift; path = PopoverRootView.swift; sourceTree = "<group>"; };
		324F0E8E7C3E40B3C4969438 /* DisplayBrightness.swift */ = {isa = PBXFileReference; lastKnownFileType = sourcecode.swift; path = DisplayBrightness.swift; sourceTree = "<group>"; };
		32B2F247AE30D11794A6A1E6 /* Swordfish.app */ = {isa = PBXFileReference; explicitFileType = wrapper.application; includeInIndex = 0; path = Swordfish.app; sourceTree = BUILT_PRODUCTS_DIR; };
		34040B764EDB985A70996DA1 /* DevToolsState.swift */ = {isa = PBXFileReference; lastKnownFileType = sourcecode.swift; path = DevToolsState.swift; sourceTree = "<group>"; };
		3B07A2AAC3E03A40A96177A3 /* PhysicalDevicesView.swift */ = {isa = PBXFileReference; lastKnownFileType = sourcecode.swift; path = PhysicalDevicesView.swift; sourceTree = "<group>"; };
		41E563EDF3588ACAF5485C97 /* SigningService.swift */ = {isa = PBXFileReference; lastKnownFileType = sourcecode.swift; path = SigningService.swift; sourceTree = "<group>"; };
		42387779756BD5799284FF53 /* JSONToSwiftWindowController.swift */ = {isa = PBXFileReference; lastKnownFileType = sourcecode.swift; path = JSONToSwiftWindowController.swift; sourceTree = "<group>"; };
		4296143B8C10EBD45CA36ECB /* ClipboardSupport.swift */ = {isa = PBXFileReference; lastKnownFileType = sourcecode.swift; path = ClipboardSupport.swift; sourceTree = "<group>"; };
		4387D49C9A3D037AF66D26C7 /* Spacing.swift */ = {isa = PBXFileReference; lastKnownFileType = sourcecode.swift; path = Spacing.swift; sourceTree = "<group>"; };
		474538BBB8324E8C1729E13F /* PushNotificationView.swift */ = {isa = PBXFileReference; lastKnownFileType = sourcecode.swift; path = PushNotificationView.swift; sourceTree = "<group>"; };
		47DC8A8228556D4B805F75CA /* PhysicalDeviceService.swift */ = {isa = PBXFileReference; lastKnownFileType = sourcecode.swift; path = PhysicalDeviceService.swift; sourceTree = "<group>"; };
		499044833C7666333856A909 /* SettingsModel.swift */ = {isa = PBXFileReference; lastKnownFileType = sourcecode.swift; path = SettingsModel.swift; sourceTree = "<group>"; };
		4C1A7CD4C0C6DAF3C4F4BD48 /* ClipboardHistoryView.swift */ = {isa = PBXFileReference; lastKnownFileType = sourcecode.swift; path = ClipboardHistoryView.swift; sourceTree = "<group>"; };
		53AF8892AB74E606F68E1A06 /* SimulatorLogsWindowController.swift */ = {isa = PBXFileReference; lastKnownFileType = sourcecode.swift; path = SimulatorLogsWindowController.swift; sourceTree = "<group>"; };
		55F965060010C73501753CA7 /* AppVersion.swift */ = {isa = PBXFileReference; lastKnownFileType = sourcecode.swift; path = AppVersion.swift; sourceTree = "<group>"; };
		57241A1B550F650E8996C613 /* NetworkThrottleService.swift */ = {isa = PBXFileReference; lastKnownFileType = sourcecode.swift; path = NetworkThrottleService.swift; sourceTree = "<group>"; };
		5B8B879B7F768370162082F1 /* SimulatorToolboxPanels.swift */ = {isa = PBXFileReference; lastKnownFileType = sourcecode.swift; path = SimulatorToolboxPanels.swift; sourceTree = "<group>"; };
		61E782C50CB7028A32530443 /* DiskStats.swift */ = {isa = PBXFileReference; lastKnownFileType = sourcecode.swift; path = DiskStats.swift; sourceTree = "<group>"; };
		621799A59CDE083D101E49AD /* NetworkConditionerView.swift */ = {isa = PBXFileReference; lastKnownFileType = sourcecode.swift; path = NetworkConditionerView.swift; sourceTree = "<group>"; };
		6ADC75FA62ECA86ABD2B25EB /* ProcessesSection.swift */ = {isa = PBXFileReference; lastKnownFileType = sourcecode.swift; path = ProcessesSection.swift; sourceTree = "<group>"; };
		6D24A1DAEA70FE3AB63C9BAE /* DisplaysSection.swift */ = {isa = PBXFileReference; lastKnownFileType = sourcecode.swift; path = DisplaysSection.swift; sourceTree = "<group>"; };
		752ABCDEC346A9DB6A6C29E7 /* MemoryTile.swift */ = {isa = PBXFileReference; lastKnownFileType = sourcecode.swift; path = MemoryTile.swift; sourceTree = "<group>"; };
		7769A52868501668BAC5D84F /* SystemMonitor.swift */ = {isa = PBXFileReference; lastKnownFileType = sourcecode.swift; path = SystemMonitor.swift; sourceTree = "<group>"; };
		780D825662FF3F800D24A741 /* JSONViewerWindowController.swift */ = {isa = PBXFileReference; lastKnownFileType = sourcecode.swift; path = JSONViewerWindowController.swift; sourceTree = "<group>"; };
		7A865E2D4D7F82528BCBBE9E /* DevUtilitiesView.swift */ = {isa = PBXFileReference; lastKnownFileType = sourcecode.swift; path = DevUtilitiesView.swift; sourceTree = "<group>"; };
		7CC2DEA303D05C5504257CAB /* AntiSleepRow.swift */ = {isa = PBXFileReference; lastKnownFileType = sourcecode.swift; path = AntiSleepRow.swift; sourceTree = "<group>"; };
		7D68E4727232ECFA435BCC09 /* SimulatorToolboxView.swift */ = {isa = PBXFileReference; lastKnownFileType = sourcecode.swift; path = SimulatorToolboxView.swift; sourceTree = "<group>"; };
		7E06E01698D6F3042E402450 /* SettingsWindowController.swift */ = {isa = PBXFileReference; lastKnownFileType = sourcecode.swift; path = SettingsWindowController.swift; sourceTree = "<group>"; };
		7E2BE118BEFCB47AE173FF67 /* MemoryStats.swift */ = {isa = PBXFileReference; lastKnownFileType = sourcecode.swift; path = MemoryStats.swift; sourceTree = "<group>"; };
		7F851E98EE50A8D3D09C8F90 /* JSONToSwift.swift */ = {isa = PBXFileReference; lastKnownFileType = sourcecode.swift; path = JSONToSwift.swift; sourceTree = "<group>"; };
		814EDB6304DEA6DDC87A9D8D /* XcodeToolsView.swift */ = {isa = PBXFileReference; lastKnownFileType = sourcecode.swift; path = XcodeToolsView.swift; sourceTree = "<group>"; };
		8150A41AC341EFC03DB56A1F /* JSONToSwiftView.swift */ = {isa = PBXFileReference; lastKnownFileType = sourcecode.swift; path = JSONToSwiftView.swift; sourceTree = "<group>"; };
		82B16EFEC5688F6996C653CF /* DeepLinkLauncherView.swift */ = {isa = PBXFileReference; lastKnownFileType = sourcecode.swift; path = DeepLinkLauncherView.swift; sourceTree = "<group>"; };
		85B711D164EA851A6940C3ED /* LidSleepService.swift */ = {isa = PBXFileReference; lastKnownFileType = sourcecode.swift; path = LidSleepService.swift; sourceTree = "<group>"; };
		8880DB120F69B4C78E1747D9 /* JSONTreeView.swift */ = {isa = PBXFileReference; lastKnownFileType = sourcecode.swift; path = JSONTreeView.swift; sourceTree = "<group>"; };
		89A9255CCEE08A5A07292CCC /* QuickPasteController.swift */ = {isa = PBXFileReference; lastKnownFileType = sourcecode.swift; path = QuickPasteController.swift; sourceTree = "<group>"; };
		8A834E8E9FB60D9FA68F32AA /* Badge.swift */ = {isa = PBXFileReference; lastKnownFileType = sourcecode.swift; path = Badge.swift; sourceTree = "<group>"; };
		913F08DBFB1A671B0A465372 /* DiskCleanupView.swift */ = {isa = PBXFileReference; lastKnownFileType = sourcecode.swift; path = DiskCleanupView.swift; sourceTree = "<group>"; };
		928E6D6C6B8ED2A4551C53A1 /* LaunchSection.swift */ = {isa = PBXFileReference; lastKnownFileType = sourcecode.swift; path = LaunchSection.swift; sourceTree = "<group>"; };
		94AD1D38137AD8724CD35051 /* SimulatorToolbox.swift */ = {isa = PBXFileReference; lastKnownFileType = sourcecode.swift; path = SimulatorToolbox.swift; sourceTree = "<group>"; };
		9D77CD51A5A2D0185FF82AA3 /* Sparkline.swift */ = {isa = PBXFileReference; lastKnownFileType = sourcecode.swift; path = Sparkline.swift; sourceTree = "<group>"; };
		A274EF4DD2C13E736EED6247 /* DevCleanupService.swift */ = {isa = PBXFileReference; lastKnownFileType = sourcecode.swift; path = DevCleanupService.swift; sourceTree = "<group>"; };
		A51852CAF868B4116D2413F7 /* TabBar.swift */ = {isa = PBXFileReference; lastKnownFileType = sourcecode.swift; path = TabBar.swift; sourceTree = "<group>"; };
		AF846B13198B5C70D24999F8 /* ProcessRunner.swift */ = {isa = PBXFileReference; lastKnownFileType = sourcecode.swift; path = ProcessRunner.swift; sourceTree = "<group>"; };
		B07ECE8957C00D6F9A8779BC /* SwordfishApp.swift */ = {isa = PBXFileReference; lastKnownFileType = sourcecode.swift; path = SwordfishApp.swift; sourceTree = "<group>"; };
		B1F62EB765B0CC6BF427B5C0 /* PopoverFooter.swift */ = {isa = PBXFileReference; lastKnownFileType = sourcecode.swift; path = PopoverFooter.swift; sourceTree = "<group>"; };
		B230E4DAE784C0F33D112989 /* Localizable.xcstrings */ = {isa = PBXFileReference; lastKnownFileType = text.json.xcstrings; path = Localizable.xcstrings; sourceTree = "<group>"; };
		B7501870CFF593374E640244 /* SystemHubView.swift */ = {isa = PBXFileReference; lastKnownFileType = sourcecode.swift; path = SystemHubView.swift; sourceTree = "<group>"; };
		B7844C16EDF4F4A65179C934 /* SimulatorLogService.swift */ = {isa = PBXFileReference; lastKnownFileType = sourcecode.swift; path = SimulatorLogService.swift; sourceTree = "<group>"; };
		B79319BF4D1A4C8B65BB8072 /* Tile.swift */ = {isa = PBXFileReference; lastKnownFileType = sourcecode.swift; path = Tile.swift; sourceTree = "<group>"; };
		BA415056B5AC9A210D6A30D9 /* SigningWindowController.swift */ = {isa = PBXFileReference; lastKnownFileType = sourcecode.swift; path = SigningWindowController.swift; sourceTree = "<group>"; };
		BCD7ADA3889AB7098404B6C0 /* Typography.swift */ = {isa = PBXFileReference; lastKnownFileType = sourcecode.swift; path = Typography.swift; sourceTree = "<group>"; };
		BE63947A8BAB58E915DEA37F /* QuickActionsView.swift */ = {isa = PBXFileReference; lastKnownFileType = sourcecode.swift; path = QuickActionsView.swift; sourceTree = "<group>"; };
		BEE1BF11DFE6519B58A4EC28 /* DevKitView.swift */ = {isa = PBXFileReference; lastKnownFileType = sourcecode.swift; path = DevKitView.swift; sourceTree = "<group>"; };
		C2BA65E9BF415D19EACE4F4A /* SigningView.swift */ = {isa = PBXFileReference; lastKnownFileType = sourcecode.swift; path = SigningView.swift; sourceTree = "<group>"; };
		C4BA8DB183F5B7A417FF14A7 /* DisplayController.swift */ = {isa = PBXFileReference; lastKnownFileType = sourcecode.swift; path = DisplayController.swift; sourceTree = "<group>"; };
		C4D6147DAE61DB5B86EC6859 /* SimulatorService.swift */ = {isa = PBXFileReference; lastKnownFileType = sourcecode.swift; path = SimulatorService.swift; sourceTree = "<group>"; };
		D0C477888E6DBBCC9C6BA813 /* Theme.swift */ = {isa = PBXFileReference; lastKnownFileType = sourcecode.swift; path = Theme.swift; sourceTree = "<group>"; };
		D15901BA8DD03B78824CA062 /* BrandMonogram.swift */ = {isa = PBXFileReference; lastKnownFileType = sourcecode.swift; path = BrandMonogram.swift; sourceTree = "<group>"; };
		D6E9AD4FD70CDF1F01567C5D /* CaffeineService.swift */ = {isa = PBXFileReference; lastKnownFileType = sourcecode.swift; path = CaffeineService.swift; sourceTree = "<group>"; };
		D78E77DC8B36461BF49890A7 /* DevUtilitiesWindowController.swift */ = {isa = PBXFileReference; lastKnownFileType = sourcecode.swift; path = DevUtilitiesWindowController.swift; sourceTree = "<group>"; };
		DAA1A1DDE95F859106C2E92D /* AppDelegate.swift */ = {isa = PBXFileReference; lastKnownFileType = sourcecode.swift; path = AppDelegate.swift; sourceTree = "<group>"; };
		DDD1BEB3940283DFE880C2D4 /* QuickTogglesService.swift */ = {isa = PBXFileReference; lastKnownFileType = sourcecode.swift; path = QuickTogglesService.swift; sourceTree = "<group>"; };
		E3203515F677700FE896EAA6 /* ProcessMonitor.swift */ = {isa = PBXFileReference; lastKnownFileType = sourcecode.swift; path = ProcessMonitor.swift; sourceTree = "<group>"; };
		E863AA869FA6580AF8364035 /* XcodeVersionsService.swift */ = {isa = PBXFileReference; lastKnownFileType = sourcecode.swift; path = XcodeVersionsService.swift; sourceTree = "<group>"; };
		EC7518E200DC97ED0D644E12 /* ExpandableSection.swift */ = {isa = PBXFileReference; lastKnownFileType = sourcecode.swift; path = ExpandableSection.swift; sourceTree = "<group>"; };
		EFFB4CE0733CF038BF03F663 /* SystemSamplers.swift */ = {isa = PBXFileReference; lastKnownFileType = sourcecode.swift; path = SystemSamplers.swift; sourceTree = "<group>"; };
		F04F2DC3D5B27957A2B9A824 /* ProductivityView.swift */ = {isa = PBXFileReference; lastKnownFileType = sourcecode.swift; path = ProductivityView.swift; sourceTree = "<group>"; };
		F078B7AB5ABDAD3544C4A48E /* AppEnvironment.swift */ = {isa = PBXFileReference; lastKnownFileType = sourcecode.swift; path = AppEnvironment.swift; sourceTree = "<group>"; };
		F0B5E51A5DCC3216A83A4A16 /* JSONViewerView.swift */ = {isa = PBXFileReference; lastKnownFileType = sourcecode.swift; path = JSONViewerView.swift; sourceTree = "<group>"; };
		F1A987E4E4A8A945D9EBAAC9 /* IOSSimulatorView.swift */ = {isa = PBXFileReference; lastKnownFileType = sourcecode.swift; path = IOSSimulatorView.swift; sourceTree = "<group>"; };
		F2CD3F6EBCD0EC8C367A02EE /* HardwareSensors.swift */ = {isa = PBXFileReference; lastKnownFileType = sourcecode.swift; path = HardwareSensors.swift; sourceTree = "<group>"; };
		F35A6FCDD865EA7500696422 /* AlertService.swift */ = {isa = PBXFileReference; lastKnownFileType = sourcecode.swift; path = AlertService.swift; sourceTree = "<group>"; };
		F82CC531C95F7820A6567D2C /* SectionTitle.swift */ = {isa = PBXFileReference; lastKnownFileType = sourcecode.swift; path = SectionTitle.swift; sourceTree = "<group>"; };
		FE198DC6238EC7775E6AB77F /* DiskTile.swift */ = {isa = PBXFileReference; lastKnownFileType = sourcecode.swift; path = DiskTile.swift; sourceTree = "<group>"; };
		434469C4D7AFEFEAB0328AA7 /* SimulatorDefaults.swift */ = {isa = PBXFileReference; lastKnownFileType = sourcecode.swift; path = SimulatorDefaults.swift; sourceTree = "<group>"; };
		D939F5D5606C5F39D321B477 /* UserDefaultsEditorView.swift */ = {isa = PBXFileReference; lastKnownFileType = sourcecode.swift; path = UserDefaultsEditorView.swift; sourceTree = "<group>"; };
		A7BF4AF0FE618C6FF4469AA7 /* UniversalLinkValidator.swift */ = {isa = PBXFileReference; lastKnownFileType = sourcecode.swift; path = UniversalLinkValidator.swift; sourceTree = "<group>"; };
		4E4DCDC5525E387DEFA9B4CC /* BuildMonitor.swift */ = {isa = PBXFileReference; lastKnownFileType = sourcecode.swift; path = BuildMonitor.swift; sourceTree = "<group>"; };
		C638A3565291230A0C16D3D3 /* AppleAPIKeys.swift */ = {isa = PBXFileReference; lastKnownFileType = sourcecode.swift; path = AppleAPIKeys.swift; sourceTree = "<group>"; };
		5E67F845B41BFD74A3253AF7 /* CrashSymbolicator.swift */ = {isa = PBXFileReference; lastKnownFileType = sourcecode.swift; path = CrashSymbolicator.swift; sourceTree = "<group>"; };
		1CA2E1A27937470D2006780B /* DevUtilitiesExtras.swift */ = {isa = PBXFileReference; lastKnownFileType = sourcecode.swift; path = DevUtilitiesExtras.swift; sourceTree = "<group>"; };
		DC1BF49D69D2E1BAB4FA7DBF /* NetworkLab.swift */ = {isa = PBXFileReference; lastKnownFileType = sourcecode.swift; path = NetworkLab.swift; sourceTree = "<group>"; };
		F3F3C759791BED4F93961890 /* AppStoreConnect.swift */ = {isa = PBXFileReference; lastKnownFileType = sourcecode.swift; path = AppStoreConnect.swift; sourceTree = "<group>"; };
		92A7AD0398505AEC9E886963 /* UniversalLinkView.swift */ = {isa = PBXFileReference; lastKnownFileType = sourcecode.swift; path = UniversalLinkView.swift; sourceTree = "<group>"; };
		DC3B9A7BAD736252D6FA991E /* BuildTimesView.swift */ = {isa = PBXFileReference; lastKnownFileType = sourcecode.swift; path = BuildTimesView.swift; sourceTree = "<group>"; };
		B4B1234C844C23F468C70AB1 /* DesignOverlay.swift */ = {isa = PBXFileReference; lastKnownFileType = sourcecode.swift; path = DesignOverlay.swift; sourceTree = "<group>"; };
		3DB4AC199825FFE3C9B788C7 /* CrashSymbolicatorView.swift */ = {isa = PBXFileReference; lastKnownFileType = sourcecode.swift; path = CrashSymbolicatorView.swift; sourceTree = "<group>"; };
		1D271A66333958D67996097F /* XcodeReleasesView.swift */ = {isa = PBXFileReference; lastKnownFileType = sourcecode.swift; path = XcodeReleasesView.swift; sourceTree = "<group>"; };
		EDFB911F5DA2FB812DF2A257 /* NetworkLabView.swift */ = {isa = PBXFileReference; lastKnownFileType = sourcecode.swift; path = NetworkLabView.swift; sourceTree = "<group>"; };
		F65661FA4C2BBAFF0E574A4C /* DistributionViews.swift */ = {isa = PBXFileReference; lastKnownFileType = sourcecode.swift; path = DistributionViews.swift; sourceTree = "<group>"; };
		B70C60E0D07520B500AF7662 /* DevUtilitiesExtraTools.swift */ = {isa = PBXFileReference; lastKnownFileType = sourcecode.swift; path = DevUtilitiesExtraTools.swift; sourceTree = "<group>"; };
		A6FE046A09E62B80AF999370 /* DeveloperKeysSettingsView.swift */ = {isa = PBXFileReference; lastKnownFileType = sourcecode.swift; path = DeveloperKeysSettingsView.swift; sourceTree = "<group>"; };
/* End PBXFileReference section */

/* Begin PBXGroup section */
		01802193CD8A73496E2ACA80 /* Productivity */ = {
			isa = PBXGroup;
			children = (
				4C1A7CD4C0C6DAF3C4F4BD48 /* ClipboardHistoryView.swift */,
				F04F2DC3D5B27957A2B9A824 /* ProductivityView.swift */,
				BE63947A8BAB58E915DEA37F /* QuickActionsView.swift */,
			);
			path = Productivity;
			sourceTree = "<group>";
		};
		11E6718A338A327984CF41B0 /* Views */ = {
			isa = PBXGroup;
			children = (
				56E318632BAC8226F4FA932B /* DevKit */,
				A0D6B103B8002901B73BADB2 /* DevUtilities */,
				6CF65536821FEA8E8F200579 /* JSONToSwift */,
				398D939A050B9B33945849EE /* JSONViewer */,
				1BB4D96722D9305233C5D2A4 /* Popover */,
				01802193CD8A73496E2ACA80 /* Productivity */,
				A153BDE4558BEBE98CE7D406 /* QuickPaste */,
				F62BCB6D70EB40D7B6AA5E7A /* Settings */,
				F4F9984D5074FEB01B6435A2 /* Shared */,
				92AC95BE6E7A8B3D50791F0D /* Signing */,
				94366B63C9745F23A0538A23 /* SimulatorLogs */,
				1453C454397112CEC124F160 /* SystemHub */,
			);
			path = Views;
			sourceTree = "<group>";
		};
		1453C454397112CEC124F160 /* SystemHub */ = {
			isa = PBXGroup;
			children = (
				7CC2DEA303D05C5504257CAB /* AntiSleepRow.swift */,
				FE198DC6238EC7775E6AB77F /* DiskTile.swift */,
				6D24A1DAEA70FE3AB63C9BAE /* DisplaysSection.swift */,
				165B07AE5F288F8AC8D5356E /* HardwareStatsSection.swift */,
				752ABCDEC346A9DB6A6C29E7 /* MemoryTile.swift */,
				6ADC75FA62ECA86ABD2B25EB /* ProcessesSection.swift */,
				09F8526EA79021FF0ABCEE33 /* QuickTogglesSection.swift */,
				B7501870CFF593374E640244 /* SystemHubView.swift */,
				18487F799ADA488765468B9E /* UsageTiles.swift */,
			);
			path = SystemHub;
			sourceTree = "<group>";
		};
		1BB4D96722D9305233C5D2A4 /* Popover */ = {
			isa = PBXGroup;
			children = (
				D15901BA8DD03B78824CA062 /* BrandMonogram.swift */,
				B1F62EB765B0CC6BF427B5C0 /* PopoverFooter.swift */,
				254850F7285C29012648ADFC /* PopoverHeader.swift */,
				2E361996ADA035ABCD3B3552 /* PopoverRootView.swift */,
				04EF6D115A43B5A2AF21D953 /* PopoverTab.swift */,
				A51852CAF868B4116D2413F7 /* TabBar.swift */,
			);
			path = Popover;
			sourceTree = "<group>";
		};
		24A4733BB122ECE8AFDA5B41 /* Products */ = {
			isa = PBXGroup;
			children = (
				32B2F247AE30D11794A6A1E6 /* Swordfish.app */,
			);
			name = Products;
			sourceTree = "<group>";
		};
		398D939A050B9B33945849EE /* JSONViewer */ = {
			isa = PBXGroup;
			children = (
				8880DB120F69B4C78E1747D9 /* JSONTreeView.swift */,
				F0B5E51A5DCC3216A83A4A16 /* JSONViewerView.swift */,
				780D825662FF3F800D24A741 /* JSONViewerWindowController.swift */,
			);
			path = JSONViewer;
			sourceTree = "<group>";
		};
		50FD7F380EB22FEED3FDE090 /* Resources */ = {
			isa = PBXGroup;
			children = (
				27E05C051461307CF7C4E2A6 /* Assets.xcassets */,
				B230E4DAE784C0F33D112989 /* Localizable.xcstrings */,
			);
			path = Resources;
			sourceTree = "<group>";
		};
		56E318632BAC8226F4FA932B /* DevKit */ = {
			isa = PBXGroup;
			children = (
				015131C55024181FF7B5E04E /* ColorPickerView.swift */,
				82B16EFEC5688F6996C653CF /* DeepLinkLauncherView.swift */,
				219D0AAD8EE140EE59395D13 /* DevKitSharedViews.swift */,
				BEE1BF11DFE6519B58A4EC28 /* DevKitView.swift */,
				913F08DBFB1A671B0A465372 /* DiskCleanupView.swift */,
				F1A987E4E4A8A945D9EBAAC9 /* IOSSimulatorView.swift */,
				621799A59CDE083D101E49AD /* NetworkConditionerView.swift */,
				3B07A2AAC3E03A40A96177A3 /* PhysicalDevicesView.swift */,
				474538BBB8324E8C1729E13F /* PushNotificationView.swift */,
				1254AA1D177D6A0542D88CE7 /* SimulatorRecorderView.swift */,
				5B8B879B7F768370162082F1 /* SimulatorToolboxPanels.swift */,
				7D68E4727232ECFA435BCC09 /* SimulatorToolboxView.swift */,
				814EDB6304DEA6DDC87A9D8D /* XcodeToolsView.swift */,
				D939F5D5606C5F39D321B477 /* UserDefaultsEditorView.swift */,
				92A7AD0398505AEC9E886963 /* UniversalLinkView.swift */,
				DC3B9A7BAD736252D6FA991E /* BuildTimesView.swift */,
				B4B1234C844C23F468C70AB1 /* DesignOverlay.swift */,
				3DB4AC199825FFE3C9B788C7 /* CrashSymbolicatorView.swift */,
				1D271A66333958D67996097F /* XcodeReleasesView.swift */,
				EDFB911F5DA2FB812DF2A257 /* NetworkLabView.swift */,
				F65661FA4C2BBAFF0E574A4C /* DistributionViews.swift */,
			);
			path = DevKit;
			sourceTree = "<group>";
		};
		6CF65536821FEA8E8F200579 /* JSONToSwift */ = {
			isa = PBXGroup;
			children = (
				8150A41AC341EFC03DB56A1F /* JSONToSwiftView.swift */,
				42387779756BD5799284FF53 /* JSONToSwiftWindowController.swift */,
			);
			path = JSONToSwift;
			sourceTree = "<group>";
		};
		727E71316F0811723B62E269 /* Services */ = {
			isa = PBXGroup;
			children = (
				F35A6FCDD865EA7500696422 /* AlertService.swift */,
				D6E9AD4FD70CDF1F01567C5D /* CaffeineService.swift */,
				12B9F991D8D4259658E79A10 /* ClipboardService.swift */,
				4296143B8C10EBD45CA36ECB /* ClipboardSupport.swift */,
				A274EF4DD2C13E736EED6247 /* DevCleanupService.swift */,
				34040B764EDB985A70996DA1 /* DevToolsState.swift */,
				28EAD04E40F86A44D86B0513 /* DevUtilities.swift */,
				61E782C50CB7028A32530443 /* DiskStats.swift */,
				324F0E8E7C3E40B3C4969438 /* DisplayBrightness.swift */,
				C4BA8DB183F5B7A417FF14A7 /* DisplayController.swift */,
				F2CD3F6EBCD0EC8C367A02EE /* HardwareSensors.swift */,
				7F851E98EE50A8D3D09C8F90 /* JSONToSwift.swift */,
				85B711D164EA851A6940C3ED /* LidSleepService.swift */,
				29687E1A7B5658A443D9F222 /* LoginItemManager.swift */,
				7E2BE118BEFCB47AE173FF67 /* MemoryStats.swift */,
				57241A1B550F650E8996C613 /* NetworkThrottleService.swift */,
				47DC8A8228556D4B805F75CA /* PhysicalDeviceService.swift */,
				E3203515F677700FE896EAA6 /* ProcessMonitor.swift */,
				DDD1BEB3940283DFE880C2D4 /* QuickTogglesService.swift */,
				499044833C7666333856A909 /* SettingsModel.swift */,
				41E563EDF3588ACAF5485C97 /* SigningService.swift */,
				B7844C16EDF4F4A65179C934 /* SimulatorLogService.swift */,
				C4D6147DAE61DB5B86EC6859 /* SimulatorService.swift */,
				94AD1D38137AD8724CD35051 /* SimulatorToolbox.swift */,
				7769A52868501668BAC5D84F /* SystemMonitor.swift */,
				EFFB4CE0733CF038BF03F663 /* SystemSamplers.swift */,
				E863AA869FA6580AF8364035 /* XcodeVersionsService.swift */,
				434469C4D7AFEFEAB0328AA7 /* SimulatorDefaults.swift */,
				A7BF4AF0FE618C6FF4469AA7 /* UniversalLinkValidator.swift */,
				4E4DCDC5525E387DEFA9B4CC /* BuildMonitor.swift */,
				C638A3565291230A0C16D3D3 /* AppleAPIKeys.swift */,
				5E67F845B41BFD74A3253AF7 /* CrashSymbolicator.swift */,
				1CA2E1A27937470D2006780B /* DevUtilitiesExtras.swift */,
				DC1BF49D69D2E1BAB4FA7DBF /* NetworkLab.swift */,
				F3F3C759791BED4F93961890 /* AppStoreConnect.swift */,
			);
			path = Services;
			sourceTree = "<group>";
		};
		79CF964FD3DDF9F3FFA6D661 /* DesignSystem */ = {
			isa = PBXGroup;
			children = (
				177D9AA47292D0607E60C0E5 /* Motion.swift */,
				4387D49C9A3D037AF66D26C7 /* Spacing.swift */,
				D0C477888E6DBBCC9C6BA813 /* Theme.swift */,
				BCD7ADA3889AB7098404B6C0 /* Typography.swift */,
			);
			path = DesignSystem;
			sourceTree = "<group>";
		};
		7B226E7565EA77DF48EC7BFD /* Utilities */ = {
			isa = PBXGroup;
			children = (
				24E28FAC0E174B8DEA9D8C94 /* AdminShell.swift */,
				55F965060010C73501753CA7 /* AppVersion.swift */,
				AF846B13198B5C70D24999F8 /* ProcessRunner.swift */,
			);
			path = Utilities;
			sourceTree = "<group>";
		};
		92AC95BE6E7A8B3D50791F0D /* Signing */ = {
			isa = PBXGroup;
			children = (
				C2BA65E9BF415D19EACE4F4A /* SigningView.swift */,
				BA415056B5AC9A210D6A30D9 /* SigningWindowController.swift */,
			);
			path = Signing;
			sourceTree = "<group>";
		};
		94366B63C9745F23A0538A23 /* SimulatorLogs */ = {
			isa = PBXGroup;
			children = (
				1BC30373AED0ECCAF0A0EC4D /* SimulatorLogsView.swift */,
				53AF8892AB74E606F68E1A06 /* SimulatorLogsWindowController.swift */,
			);
			path = SimulatorLogs;
			sourceTree = "<group>";
		};
		9D3F907A85DCE6E1183983DA /* App */ = {
			isa = PBXGroup;
			children = (
				DAA1A1DDE95F859106C2E92D /* AppDelegate.swift */,
				F078B7AB5ABDAD3544C4A48E /* AppEnvironment.swift */,
				B07ECE8957C00D6F9A8779BC /* SwordfishApp.swift */,
			);
			path = App;
			sourceTree = "<group>";
		};
		A0D6B103B8002901B73BADB2 /* DevUtilities */ = {
			isa = PBXGroup;
			children = (
				7A865E2D4D7F82528BCBBE9E /* DevUtilitiesView.swift */,
				D78E77DC8B36461BF49890A7 /* DevUtilitiesWindowController.swift */,
				B70C60E0D07520B500AF7662 /* DevUtilitiesExtraTools.swift */,
			);
			path = DevUtilities;
			sourceTree = "<group>";
		};
		A153BDE4558BEBE98CE7D406 /* QuickPaste */ = {
			isa = PBXGroup;
			children = (
				89A9255CCEE08A5A07292CCC /* QuickPasteController.swift */,
				0910009126F691D9EECA9246 /* QuickPasteView.swift */,
			);
			path = QuickPaste;
			sourceTree = "<group>";
		};
		B067B91E2376E7AE78405353 = {
			isa = PBXGroup;
			children = (
				9D3F907A85DCE6E1183983DA /* App */,
				79CF964FD3DDF9F3FFA6D661 /* DesignSystem */,
				50FD7F380EB22FEED3FDE090 /* Resources */,
				727E71316F0811723B62E269 /* Services */,
				7B226E7565EA77DF48EC7BFD /* Utilities */,
				11E6718A338A327984CF41B0 /* Views */,
				24A4733BB122ECE8AFDA5B41 /* Products */,
			);
			sourceTree = "<group>";
		};
		F4F9984D5074FEB01B6435A2 /* Shared */ = {
			isa = PBXGroup;
			children = (
				8A834E8E9FB60D9FA68F32AA /* Badge.swift */,
				EC7518E200DC97ED0D644E12 /* ExpandableSection.swift */,
				928E6D6C6B8ED2A4551C53A1 /* LaunchSection.swift */,
				F82CC531C95F7820A6567D2C /* SectionTitle.swift */,
				9D77CD51A5A2D0185FF82AA3 /* Sparkline.swift */,
				B79319BF4D1A4C8B65BB8072 /* Tile.swift */,
			);
			path = Shared;
			sourceTree = "<group>";
		};
		F62BCB6D70EB40D7B6AA5E7A /* Settings */ = {
			isa = PBXGroup;
			children = (
				0285628F4195B7D9C6139F2F /* ClipboardSettingsView.swift */,
				0077A6BB01C75BCA7B3C9089 /* MonitoringSettingsView.swift */,
				2800A3A951F453C727CC4504 /* SettingsView.swift */,
				7E06E01698D6F3042E402450 /* SettingsWindowController.swift */,
				A6FE046A09E62B80AF999370 /* DeveloperKeysSettingsView.swift */,
			);
			path = Settings;
			sourceTree = "<group>";
		};
/* End PBXGroup section */

/* Begin PBXNativeTarget section */
		E31FC2F9D465E3B184FAE155 /* Swordfish */ = {
			isa = PBXNativeTarget;
			buildConfigurationList = A302AFA468001CB813E22051 /* Build configuration list for PBXNativeTarget "Swordfish" */;
			buildPhases = (
				981FEB14813E75E3468BC9DE /* Sources */,
				995158100154E520998DE9D7 /* Resources */,
			);
			buildRules = (
			);
			dependencies = (
			);
			name = Swordfish;
			packageProductDependencies = (
			);
			productName = Swordfish;
			productReference = 32B2F247AE30D11794A6A1E6 /* Swordfish.app */;
			productType = "com.apple.product-type.application";
		};
/* End PBXNativeTarget section */

/* Begin PBXProject section */
		BD5265E4BB1FC65790535014 /* Project object */ = {
			isa = PBXProject;
			attributes = {
				BuildIndependentTargetsInParallel = YES;
				LastUpgradeCheck = 1430;
				TargetAttributes = {
					E31FC2F9D465E3B184FAE155 = {
						DevelopmentTeam = "";
						ProvisioningStyle = Automatic;
					};
				};
			};
			buildConfigurationList = 44F4C7A0B28D52EA7E2BD173 /* Build configuration list for PBXProject "Swordfish" */;
			developmentRegion = en;
			hasScannedForEncodings = 0;
			knownRegions = (
				Base,
				en,
				es,
				fr,
				ja,
				sr,
				"sr-Latn",
				tr,
			);
			mainGroup = B067B91E2376E7AE78405353;
			minimizedProjectReferenceProxies = 1;
			preferredProjectObjectVersion = 77;
			productRefGroup = 24A4733BB122ECE8AFDA5B41 /* Products */;
			projectDirPath = "";
			projectRoot = "";
			targets = (
				E31FC2F9D465E3B184FAE155 /* Swordfish */,
			);
		};
/* End PBXProject section */

/* Begin PBXResourcesBuildPhase section */
		995158100154E520998DE9D7 /* Resources */ = {
			isa = PBXResourcesBuildPhase;
			buildActionMask = 2147483647;
			files = (
				FBF1740B64E9599804C1D71F /* Assets.xcassets in Resources */,
				2EE4B97E97A43C30A70A8C2C /* Localizable.xcstrings in Resources */,
			);
			runOnlyForDeploymentPostprocessing = 0;
		};
/* End PBXResourcesBuildPhase section */

/* Begin PBXSourcesBuildPhase section */
		981FEB14813E75E3468BC9DE /* Sources */ = {
			isa = PBXSourcesBuildPhase;
			buildActionMask = 2147483647;
			files = (
				BE483AC36EE25FDF16B739F4 /* DeveloperKeysSettingsView.swift in Sources */,
				7975E1D860FB7A189ED2C276 /* DevUtilitiesExtraTools.swift in Sources */,
				DB07693C06FAB802E6A6E43D /* DistributionViews.swift in Sources */,
				F1C67E8520E86D6A397A34DF /* NetworkLabView.swift in Sources */,
				9D3F0656DEDEEBA8C8145085 /* XcodeReleasesView.swift in Sources */,
				73B5641B7FD5427D8759C633 /* CrashSymbolicatorView.swift in Sources */,
				4B37BB97D5DA18D3BB41707F /* DesignOverlay.swift in Sources */,
				7FB3ADE31BA2E7B0E214DE60 /* BuildTimesView.swift in Sources */,
				1E9CA04A492C76CB33AFF0B3 /* UniversalLinkView.swift in Sources */,
				EDC3D812CE7512B4BB80A548 /* AppStoreConnect.swift in Sources */,
				9856198B1BCAA040C02756B0 /* NetworkLab.swift in Sources */,
				0E1EA45EA7B1BF8CF38B4837 /* DevUtilitiesExtras.swift in Sources */,
				B85BF2C870052CC0D02FA11E /* CrashSymbolicator.swift in Sources */,
				C5CECA5B29DB943DB5DC3104 /* AppleAPIKeys.swift in Sources */,
				EA8460F09E74FFE46F7551BF /* BuildMonitor.swift in Sources */,
				76C1A1B28DABB50454409739 /* UniversalLinkValidator.swift in Sources */,
				2090390131CAB6731C3AC6D9 /* UserDefaultsEditorView.swift in Sources */,
				1108FD7C01D6BBC137326530 /* SimulatorDefaults.swift in Sources */,
				62A64089DDAA83DF716CF5C7 /* AdminShell.swift in Sources */,
				F49F038654F609379DA9271E /* AlertService.swift in Sources */,
				CB5829A0576BB790ADCC8705 /* AntiSleepRow.swift in Sources */,
				8A353EE8D1BBA12B6055C4CD /* AppDelegate.swift in Sources */,
				1A4F6BCE10CD9DB4B27DA0FF /* AppEnvironment.swift in Sources */,
				4ADD0BAB077894486B3D5580 /* AppVersion.swift in Sources */,
				DC812AC8A0402B393E772006 /* Badge.swift in Sources */,
				06D0541677025C108C4BB358 /* BrandMonogram.swift in Sources */,
				F4F06BA13758260BDC41C79F /* CaffeineService.swift in Sources */,
				45E53F8061B75F80A5DB3BA9 /* ClipboardHistoryView.swift in Sources */,
				12750D03763599AEC86E822D /* ClipboardService.swift in Sources */,
				C18228F30A036694440E03F0 /* ClipboardSettingsView.swift in Sources */,
				223E84B4CFFA3599F5E257B7 /* ClipboardSupport.swift in Sources */,
				2108F63ECE8A997B0E96EA72 /* ColorPickerView.swift in Sources */,
				1FCFF6BE3FC289DA70AAD27F /* DeepLinkLauncherView.swift in Sources */,
				E65436EA08164963ED357C4F /* DevCleanupService.swift in Sources */,
				30BA86A624E84AC454F26FE1 /* DevKitSharedViews.swift in Sources */,
				6EA601DCADC42EFD1CD2A2D7 /* DevKitView.swift in Sources */,
				8E4EC1E7AF3327E392C97A20 /* DevToolsState.swift in Sources */,
				8051F7156101A979FB2B4463 /* DevUtilities.swift in Sources */,
				58D9471D2726CAB3300AF7F2 /* DevUtilitiesView.swift in Sources */,
				A63E02A2DF4E5875D22CF0CC /* DevUtilitiesWindowController.swift in Sources */,
				E742389BED16726866842AA2 /* DiskCleanupView.swift in Sources */,
				5D13F188833F4D8CCC2052D8 /* DiskStats.swift in Sources */,
				D6561DAB9C98C88DD9592FA5 /* DiskTile.swift in Sources */,
				E8BF149304034133D0A7B81F /* DisplayBrightness.swift in Sources */,
				CA1429A097CA0BC3E17605BB /* DisplayController.swift in Sources */,
				DC692723FF9DF68DD0AA05C7 /* DisplaysSection.swift in Sources */,
				A4D84433D184F057E1A71F77 /* ExpandableSection.swift in Sources */,
				460EDF000655B19C02F885C6 /* HardwareSensors.swift in Sources */,
				388870D4782BE74A1FE7FE37 /* HardwareStatsSection.swift in Sources */,
				108F33083EDD0CBF6E284D49 /* IOSSimulatorView.swift in Sources */,
				B987B031C35E8345EB19B4AA /* JSONToSwift.swift in Sources */,
				5B73B76DC69C15F014A87D2E /* JSONToSwiftView.swift in Sources */,
				8EDB525FF9B4B20E7B79BF5D /* JSONToSwiftWindowController.swift in Sources */,
				10DE27752E76BB6F0EB64B85 /* JSONTreeView.swift in Sources */,
				0FF8FC9FF0682372A6D38FE7 /* JSONViewerView.swift in Sources */,
				49C0F124EAA759E8C1371EAD /* JSONViewerWindowController.swift in Sources */,
				A3E42EEF54C464D4A78A5BB7 /* LaunchSection.swift in Sources */,
				84C9031F34A03DF32413C8FC /* LidSleepService.swift in Sources */,
				EC77EF103CA3E45FF20BBD4B /* LoginItemManager.swift in Sources */,
				ED3EC9119571C139BA3C41CE /* MemoryStats.swift in Sources */,
				BBBAC1EAFBAEE5B7F1F7798A /* MemoryTile.swift in Sources */,
				B313F7632CC1886C1506DE0D /* MonitoringSettingsView.swift in Sources */,
				E3596573E99077A3AB80548E /* Motion.swift in Sources */,
				D2F3159D0EB64B4E18DE2DB9 /* NetworkConditionerView.swift in Sources */,
				8FD6EAE911AA46128D720D86 /* NetworkThrottleService.swift in Sources */,
				16313D3E75AF18A1D9EB50A8 /* PhysicalDeviceService.swift in Sources */,
				1905F02B425F4F4FA18BF45B /* PhysicalDevicesView.swift in Sources */,
				48BCC6BD728BFD994C09274B /* PopoverFooter.swift in Sources */,
				019BAC3DAC9351096E5940E0 /* PopoverHeader.swift in Sources */,
				9CE487EB5778A0A1405C4940 /* PopoverRootView.swift in Sources */,
				EA9DB858EC5B0836186DA248 /* PopoverTab.swift in Sources */,
				8614889E522492429F826C3B /* ProcessMonitor.swift in Sources */,
				2CDF7379A6652E009D617845 /* ProcessRunner.swift in Sources */,
				2ED44E0DAABC86A313AA4E70 /* ProcessesSection.swift in Sources */,
				7F4A26BA8F9DE2551F63C8FC /* ProductivityView.swift in Sources */,
				D31EAF2F4DB1609DC8B3DEB9 /* PushNotificationView.swift in Sources */,
				C4DB315261BABBAC0726EA9D /* QuickActionsView.swift in Sources */,
				E9C553FBE085DC8B24C67940 /* QuickPasteController.swift in Sources */,
				AD071E7002F94B9C67B33E88 /* QuickPasteView.swift in Sources */,
				2051A689CC66263704986FE3 /* QuickTogglesSection.swift in Sources */,
				4454C6947532B61288E3B784 /* QuickTogglesService.swift in Sources */,
				D07D96379CFD896A0A15072E /* SectionTitle.swift in Sources */,
				7D5C61D8D0CF35C687B65E04 /* SettingsModel.swift in Sources */,
				518535EDE4255BAEA7A27982 /* SettingsView.swift in Sources */,
				E273940E8D0EEC2D2B8FF831 /* SettingsWindowController.swift in Sources */,
				6B078443A375CEBDBC0FCC3D /* SigningService.swift in Sources */,
				148E975CE365782028027489 /* SigningView.swift in Sources */,
				2775425A89932C611921D113 /* SigningWindowController.swift in Sources */,
				4E0786999E559318F851AE1A /* SimulatorLogService.swift in Sources */,
				B6739186AFE13EE9A4DBB8ED /* SimulatorLogsView.swift in Sources */,
				1183470A2C04D6DE5363EF13 /* SimulatorLogsWindowController.swift in Sources */,
				1D3A0EA38B09361BD07B1A69 /* SimulatorRecorderView.swift in Sources */,
				2C2C9DD923376C2E82A81D8E /* SimulatorService.swift in Sources */,
				DFC6F87A20D12AB14AE9BA9D /* SimulatorToolbox.swift in Sources */,
				97C773852B576FBA0C21E64A /* SimulatorToolboxPanels.swift in Sources */,
				96E1BD560355C97233DA0122 /* SimulatorToolboxView.swift in Sources */,
				FE618FC4B1C337CDC5617177 /* Spacing.swift in Sources */,
				0F69CDA85773E2C0B5785122 /* Sparkline.swift in Sources */,
				AA69D833510EF08AC49D013E /* SwordfishApp.swift in Sources */,
				35BBCA7982212FB0804FE17D /* SystemHubView.swift in Sources */,
				6A2ABFA705409E46F2159B9C /* SystemMonitor.swift in Sources */,
				EBA0B732982D223BCDB32C97 /* SystemSamplers.swift in Sources */,
				166BA8A9424E8F11271EC0FF /* TabBar.swift in Sources */,
				4DC013F296E88BAE3794096F /* Theme.swift in Sources */,
				EE91412CDB63C4D624C9EFAF /* Tile.swift in Sources */,
				EFE172E3C262F719C753C045 /* Typography.swift in Sources */,
				83687C01EB5961BBE5E7D256 /* UsageTiles.swift in Sources */,
				86F2A03AB4004398ABE4342A /* XcodeToolsView.swift in Sources */,
				7249B835003DFF90A7977859 /* XcodeVersionsService.swift in Sources */,
			);
			runOnlyForDeploymentPostprocessing = 0;
		};
/* End PBXSourcesBuildPhase section */

/* Begin XCBuildConfiguration section */
		35FCA78C46615F4324B343AF /* Debug */ = {
			isa = XCBuildConfiguration;
			buildSettings = {
				ALWAYS_SEARCH_USER_PATHS = NO;
				CLANG_ANALYZER_NONNULL = YES;
				CLANG_ANALYZER_NUMBER_OBJECT_CONVERSION = YES_AGGRESSIVE;
				CLANG_CXX_LANGUAGE_STANDARD = "gnu++14";
				CLANG_CXX_LIBRARY = "libc++";
				CLANG_ENABLE_MODULES = YES;
				CLANG_ENABLE_OBJC_ARC = YES;
				CLANG_ENABLE_OBJC_WEAK = YES;
				CLANG_WARN_BLOCK_CAPTURE_AUTORELEASING = YES;
				CLANG_WARN_BOOL_CONVERSION = YES;
				CLANG_WARN_COMMA = YES;
				CLANG_WARN_CONSTANT_CONVERSION = YES;
				CLANG_WARN_DEPRECATED_OBJC_IMPLEMENTATIONS = YES;
				CLANG_WARN_DIRECT_OBJC_ISA_USAGE = YES_ERROR;
				CLANG_WARN_DOCUMENTATION_COMMENTS = YES;
				CLANG_WARN_EMPTY_BODY = YES;
				CLANG_WARN_ENUM_CONVERSION = YES;
				CLANG_WARN_INFINITE_RECURSION = YES;
				CLANG_WARN_INT_CONVERSION = YES;
				CLANG_WARN_NON_LITERAL_NULL_CONVERSION = YES;
				CLANG_WARN_OBJC_IMPLICIT_RETAIN_SELF = YES;
				CLANG_WARN_OBJC_LITERAL_CONVERSION = YES;
				CLANG_WARN_OBJC_ROOT_CLASS = YES_ERROR;
				CLANG_WARN_QUOTED_INCLUDE_IN_FRAMEWORK_HEADER = YES;
				CLANG_WARN_RANGE_LOOP_ANALYSIS = YES;
				CLANG_WARN_STRICT_PROTOTYPES = YES;
				CLANG_WARN_SUSPICIOUS_MOVE = YES;
				CLANG_WARN_UNGUARDED_AVAILABILITY = YES_AGGRESSIVE;
				CLANG_WARN_UNREACHABLE_CODE = YES;
				CLANG_WARN__DUPLICATE_METHOD_MATCH = YES;
				CODE_SIGN_IDENTITY = "-";
				CODE_SIGN_STYLE = Automatic;
				COPY_PHASE_STRIP = NO;
				DEAD_CODE_STRIPPING = YES;
				DEBUG_INFORMATION_FORMAT = dwarf;
				DEVELOPMENT_TEAM = "";
				ENABLE_HARDENED_RUNTIME = YES;
				ENABLE_STRICT_OBJC_MSGSEND = YES;
				ENABLE_TESTABILITY = YES;
				ENABLE_USER_SCRIPT_SANDBOXING = NO;
				GCC_C_LANGUAGE_STANDARD = gnu11;
				GCC_DYNAMIC_NO_PIC = NO;
				GCC_NO_COMMON_BLOCKS = YES;
				GCC_OPTIMIZATION_LEVEL = 0;
				GCC_PREPROCESSOR_DEFINITIONS = (
					"$(inherited)",
					"DEBUG=1",
				);
				GCC_WARN_64_TO_32_BIT_CONVERSION = YES;
				GCC_WARN_ABOUT_RETURN_TYPE = YES_ERROR;
				GCC_WARN_UNDECLARED_SELECTOR = YES;
				GCC_WARN_UNINITIALIZED_AUTOS = YES_AGGRESSIVE;
				GCC_WARN_UNUSED_FUNCTION = YES;
				GCC_WARN_UNUSED_VARIABLE = YES;
				MACOSX_DEPLOYMENT_TARGET = 13.0;
				MTL_ENABLE_DEBUG_INFO = INCLUDE_SOURCE;
				MTL_FAST_MATH = YES;
				ONLY_ACTIVE_ARCH = YES;
				PRODUCT_NAME = "$(TARGET_NAME)";
				SDKROOT = macosx;
				SWIFT_ACTIVE_COMPILATION_CONDITIONS = DEBUG;
				SWIFT_EMIT_LOC_STRINGS = YES;
				SWIFT_OPTIMIZATION_LEVEL = "-Onone";
				SWIFT_STRICT_CONCURRENCY = minimal;
				SWIFT_VERSION = 5.9;
			};
			name = Debug;
		};
		7C70F6DF4587A9638E9D4E5D /* Release */ = {
			isa = XCBuildConfiguration;
			buildSettings = {
				ALWAYS_SEARCH_USER_PATHS = NO;
				CLANG_ANALYZER_NONNULL = YES;
				CLANG_ANALYZER_NUMBER_OBJECT_CONVERSION = YES_AGGRESSIVE;
				CLANG_CXX_LANGUAGE_STANDARD = "gnu++14";
				CLANG_CXX_LIBRARY = "libc++";
				CLANG_ENABLE_MODULES = YES;
				CLANG_ENABLE_OBJC_ARC = YES;
				CLANG_ENABLE_OBJC_WEAK = YES;
				CLANG_WARN_BLOCK_CAPTURE_AUTORELEASING = YES;
				CLANG_WARN_BOOL_CONVERSION = YES;
				CLANG_WARN_COMMA = YES;
				CLANG_WARN_CONSTANT_CONVERSION = YES;
				CLANG_WARN_DEPRECATED_OBJC_IMPLEMENTATIONS = YES;
				CLANG_WARN_DIRECT_OBJC_ISA_USAGE = YES_ERROR;
				CLANG_WARN_DOCUMENTATION_COMMENTS = YES;
				CLANG_WARN_EMPTY_BODY = YES;
				CLANG_WARN_ENUM_CONVERSION = YES;
				CLANG_WARN_INFINITE_RECURSION = YES;
				CLANG_WARN_INT_CONVERSION = YES;
				CLANG_WARN_NON_LITERAL_NULL_CONVERSION = YES;
				CLANG_WARN_OBJC_IMPLICIT_RETAIN_SELF = YES;
				CLANG_WARN_OBJC_LITERAL_CONVERSION = YES;
				CLANG_WARN_OBJC_ROOT_CLASS = YES_ERROR;
				CLANG_WARN_QUOTED_INCLUDE_IN_FRAMEWORK_HEADER = YES;
				CLANG_WARN_RANGE_LOOP_ANALYSIS = YES;
				CLANG_WARN_STRICT_PROTOTYPES = YES;
				CLANG_WARN_SUSPICIOUS_MOVE = YES;
				CLANG_WARN_UNGUARDED_AVAILABILITY = YES_AGGRESSIVE;
				CLANG_WARN_UNREACHABLE_CODE = YES;
				CLANG_WARN__DUPLICATE_METHOD_MATCH = YES;
				CODE_SIGN_IDENTITY = "-";
				CODE_SIGN_STYLE = Automatic;
				COPY_PHASE_STRIP = NO;
				DEAD_CODE_STRIPPING = YES;
				DEBUG_INFORMATION_FORMAT = "dwarf-with-dsym";
				DEVELOPMENT_TEAM = "";
				ENABLE_HARDENED_RUNTIME = YES;
				ENABLE_NS_ASSERTIONS = NO;
				ENABLE_STRICT_OBJC_MSGSEND = YES;
				ENABLE_USER_SCRIPT_SANDBOXING = NO;
				GCC_C_LANGUAGE_STANDARD = gnu11;
				GCC_NO_COMMON_BLOCKS = YES;
				GCC_WARN_64_TO_32_BIT_CONVERSION = YES;
				GCC_WARN_ABOUT_RETURN_TYPE = YES_ERROR;
				GCC_WARN_UNDECLARED_SELECTOR = YES;
				GCC_WARN_UNINITIALIZED_AUTOS = YES_AGGRESSIVE;
				GCC_WARN_UNUSED_FUNCTION = YES;
				GCC_WARN_UNUSED_VARIABLE = YES;
				MACOSX_DEPLOYMENT_TARGET = 13.0;
				MTL_ENABLE_DEBUG_INFO = NO;
				MTL_FAST_MATH = YES;
				PRODUCT_NAME = "$(TARGET_NAME)";
				SDKROOT = macosx;
				SWIFT_COMPILATION_MODE = wholemodule;
				SWIFT_EMIT_LOC_STRINGS = YES;
				SWIFT_OPTIMIZATION_LEVEL = "-O";
				SWIFT_STRICT_CONCURRENCY = minimal;
				SWIFT_VERSION = 5.9;
			};
			name = Release;
		};
		B719C486EC7754DCCBDE73F6 /* Release */ = {
			isa = XCBuildConfiguration;
			buildSettings = {
				ASSETCATALOG_COMPILER_APPICON_NAME = AppIcon;
				ASSETCATALOG_COMPILER_GLOBAL_ACCENT_COLOR_NAME = AccentColor;
				CODE_SIGN_ENTITLEMENTS = Resources/Swordfish.entitlements;
				COMBINE_HIDPI_IMAGES = YES;
				ENABLE_PREVIEWS = YES;
				INFOPLIST_FILE = Resources/Info.plist;
				LD_RUNPATH_SEARCH_PATHS = (
					"$(inherited)",
					"@executable_path/../Frameworks",
				);
				PRODUCT_BUNDLE_IDENTIFIER = dev.swordfish.Swordfish;
				SDKROOT = macosx;
			};
			name = Release;
		};
		E08120C36A733A20D168A8E4 /* Debug */ = {
			isa = XCBuildConfiguration;
			buildSettings = {
				ASSETCATALOG_COMPILER_APPICON_NAME = AppIcon;
				ASSETCATALOG_COMPILER_GLOBAL_ACCENT_COLOR_NAME = AccentColor;
				CODE_SIGN_ENTITLEMENTS = Resources/Swordfish.entitlements;
				COMBINE_HIDPI_IMAGES = YES;
				ENABLE_PREVIEWS = YES;
				INFOPLIST_FILE = Resources/Info.plist;
				LD_RUNPATH_SEARCH_PATHS = (
					"$(inherited)",
					"@executable_path/../Frameworks",
				);
				PRODUCT_BUNDLE_IDENTIFIER = dev.swordfish.Swordfish;
				SDKROOT = macosx;
			};
			name = Debug;
		};
/* End XCBuildConfiguration section */

/* Begin XCConfigurationList section */
		44F4C7A0B28D52EA7E2BD173 /* Build configuration list for PBXProject "Swordfish" */ = {
			isa = XCConfigurationList;
			buildConfigurations = (
				35FCA78C46615F4324B343AF /* Debug */,
				7C70F6DF4587A9638E9D4E5D /* Release */,
			);
			defaultConfigurationIsVisible = 0;
			defaultConfigurationName = Debug;
		};
		A302AFA468001CB813E22051 /* Build configuration list for PBXNativeTarget "Swordfish" */ = {
			isa = XCConfigurationList;
			buildConfigurations = (
				E08120C36A733A20D168A8E4 /* Debug */,
				B719C486EC7754DCCBDE73F6 /* Release */,
			);
			defaultConfigurationIsVisible = 0;
			defaultConfigurationName = Debug;
		};
/* End XCConfigurationList section */
	};
	rootObject = BD5265E4BB1FC65790535014 /* Project object */;
}
